// !$*UTF8*$!
{
	archiveVersion = 1;
	classes = {
	};
	objectVersion = 46;
	objects = {

/* Begin PBXFileReference section */
		F040B6E81E297E15002E5843 /* index.html */ = {isa = PBXFileReference; lastKnownFileType = text.html; path = index.html; sourceTree = "<group>"; };
/* End PBXFileReference section */

/* Begin PBXGroup section */
		F040B6E11E297DF6002E5843 = {
			isa = PBXGroup;
			children = (
				F040B6E81E297E15002E5843 /* index.html */,
			);
			sourceTree = "<group>";
		};
/* End PBXGroup section */

/* Begin PBXProject section */
		F040B6E21E297DF6002E5843 /* Project object */ = {
			isa = PBXProject;
			attributes = {
				LastUpgradeCheck = 0820;
			};
			buildConfigurationList = F040B6E51E297DF6002E5843 /* Build configuration list for PBXProject "Random links" */;
			compatibilityVersion = "Xcode 3.2";
			developmentRegion = English;
			hasScannedForEncodings = 0;
			knownRegions = (
				en,
			);
			mainGroup = F040B6E11E297DF6002E5843;
			projectDirPath = "";
			projectRoot = "";
			targets = (
			);
		};
/* End PBXProject section */

/* Begin XCBuildConfiguration section */
		F040B6E61E297DF6002E5843 /* Debug */ = {
			isa = XCBuildConfiguration;
			buildSettings = {
			};
			name = Debug;
		};
		F040B6E71E297DF6002E5843 /* Release */ = {
			isa = XCBuildConfiguration;
			buildSettings = {
			};
			name = Release;
		};
/* End XCBuildConfiguration section */

/* Begin XCConfigurationList section */
		F040B6E51E297DF6002E5843 /* Build configuration list for PBXProject "Random links" */ = {
			isa = XCConfigurationList;
			buildConfigurations = (
				F040B6E61E297DF6002E5843 /* Debug */,
				F040B6E71E297DF6002E5843 /* Release */,
			);
			defaultConfigurationIsVisible = 0;
			defaultConfigurationName = Release;
		};
/* End XCConfigurationList section */
	};
	rootObject = F040B6E21E297DF6002E5843 /* Project object */;
}
