// !$*UTF8*$!
{
	archiveVersion = 1;
	classes = {
	};
	objectVersion = 46;
	objects = {

/* Begin PBXFileReference section */
		F00868E31E2A79B700CC28BD /* index.html */ = {isa = PBXFileReference; lastKnownFileType = text.html; path = index.html; sourceTree = "<group>"; };
/* End PBXFileReference section */

/* Begin PBXGroup section */
		F00868DC1E2A79A400CC28BD = {
			isa = PBXGroup;
			children = (
				F00868E31E2A79B700CC28BD /* index.html */,
			);
			sourceTree = "<group>";
		};
/* End PBXGroup section */

/* Begin PBXProject section */
		F00868DD1E2A79A400CC28BD /* Project object */ = {
			isa = PBXProject;
			attributes = {
				LastUpgradeCheck = 0820;
			};
			buildConfigurationList = F00868E01E2A79A400CC28BD /* Build configuration list for PBXProject "scramblingtest" */;
			compatibilityVersion = "Xcode 3.2";
			developmentRegion = English;
			hasScannedForEncodings = 0;
			knownRegions = (
				en,
			);
			mainGroup = F00868DC1E2A79A400CC28BD;
			projectDirPath = "";
			projectRoot = "";
			targets = (
			);
		};
/* End PBXProject section */

/* Begin XCBuildConfiguration section */
		F00868E11E2A79A400CC28BD /* Debug */ = {
			isa = XCBuildConfiguration;
			buildSettings = {
			};
			name = Debug;
		};
		F00868E21E2A79A400CC28BD /* Release */ = {
			isa = XCBuildConfiguration;
			buildSettings = {
			};
			name = Release;
		};
/* End XCBuildConfiguration section */

/* Begin XCConfigurationList section */
		F00868E01E2A79A400CC28BD /* Build configuration list for PBXProject "scramblingtest" */ = {
			isa = XCConfigurationList;
			buildConfigurations = (
				F00868E11E2A79A400CC28BD /* Debug */,
				F00868E21E2A79A400CC28BD /* Release */,
			);
			defaultConfigurationIsVisible = 0;
			defaultConfigurationName = Release;
		};
/* End XCConfigurationList section */
	};
	rootObject = F00868DD1E2A79A400CC28BD /* Project object */;
}
